
Microsoft Visual Studio Solution File, Format Version 12.00
Project("{FAE04EC0-301F-11D3-BF4B-00C04F79EFBC}") = "LeetCode_Cs", "LeetCode_Cs\LeetCode_Cs.csproj", "{CE3B1CB6-1E42-4DD2-9D48-F28DA942F929}"
EndProject
Global
	GlobalSection(SolutionConfigurationPlatforms) = preSolution
		Debug|Any CPU = Debug|Any CPU
		Release|Any CPU = Release|Any CPU
	EndGlobalSection
	GlobalSection(ProjectConfigurationPlatforms) = postSolution
		{CE3B1CB6-1E42-4DD2-9D48-F28DA942F929}.Debug|Any CPU.ActiveCfg = Debug|Any CPU
		{CE3B1CB6-1E42-4DD2-9D48-F28DA942F929}.Debug|Any CPU.Build.0 = Debug|Any CPU
		{CE3B1CB6-1E42-4DD2-9D48-F28DA942F929}.Release|Any CPU.ActiveCfg = Release|Any CPU
		{CE3B1CB6-1E42-4DD2-9D48-F28DA942F929}.Release|Any CPU.Build.0 = Release|Any CPU
	EndGlobalSection
EndGlobal
